
Microsoft Visual Studio Solution File, Format Version 12.00
# Visual Studio 15
VisualStudioVersion = 15.0.28307.960
MinimumVisualStudioVersion = 10.0.40219.1
Project("{FAE04EC0-301F-11D3-BF4B-00C04F79EFBC}") = "LeetCode_test", "LeetCode_test\LeetCode_test.csproj", "{FBF6A622-808E-45C2-9B4C-31A6B02A81EA}"
EndProject
Global
	GlobalSection(SolutionConfigurationPlatforms) = preSolution
		Debug|Any CPU = Debug|Any CPU
		Release|Any CPU = Release|Any CPU
	EndGlobalSection
	GlobalSection(ProjectConfigurationPlatforms) = postSolution
		{FBF6A622-808E-45C2-9B4C-31A6B02A81EA}.Debug|Any CPU.ActiveCfg = Debug|Any CPU
		{FBF6A622-808E-45C2-9B4C-31A6B02A81EA}.Debug|Any CPU.Build.0 = Debug|Any CPU
		{FBF6A622-808E-45C2-9B4C-31A6B02A81EA}.Release|Any CPU.ActiveCfg = Release|Any CPU
		{FBF6A622-808E-45C2-9B4C-31A6B02A81EA}.Release|Any CPU.Build.0 = Release|Any CPU
	EndGlobalSection
	GlobalSection(SolutionProperties) = preSolution
		HideSolutionNode = FALSE
	EndGlobalSection
	GlobalSection(ExtensibilityGlobals) = postSolution
		SolutionGuid = {64A4234A-77E0-4285-A484-DA05FBE973F6}
	EndGlobalSection
EndGlobal
